
Microsoft Visual Studio Solution File, Format Version 12.00
# Visual Studio Version 17
VisualStudioVersion = 17.4.33006.217
MinimumVisualStudioVersion = 10.0.40219.1
Project("{9A19103F-16F7-4668-BE54-9A1E7A4F7556}") = "JustBlog.Api", "JustBlog.Api\JustBlog.Api.csproj", "{14166DC9-8712-4758-A4B9-831F7E780902}"
EndProject
Project("{9A19103F-16F7-4668-BE54-9A1E7A4F7556}") = "JustBlog.Model", "JustBlog.Model\JustBlog.Model.csproj", "{55FE5B70-2A64-45A8-BFA8-8334468B902E}"
EndProject
Project("{9A19103F-16F7-4668-BE54-9A1E7A4F7556}") = "JustBlog.Core", "JustBlog.Core\JustBlog.Core.csproj", "{1883858B-E508-4DD8-ACB5-7A917524D31F}"
EndProject
Project("{9A19103F-16F7-4668-BE54-9A1E7A4F7556}") = "JustBlog.Entity", "JustBlog.Entity\JustBlog.Entity.csproj", "{A5C15C5F-DB65-4FB7-A875-A7BDFAEDC462}"
EndProject
Project("{9A19103F-16F7-4668-BE54-9A1E7A4F7556}") = "JustBlog.Service", "JustBlog.Service\JustBlog.Service.csproj", "{78A8E8D5-C6BD-4160-82CF-6FA3AE0805B8}"
EndProject
Global
	GlobalSection(SolutionConfigurationPlatforms) = preSolution
		Debug|Any CPU = Debug|Any CPU
		Release|Any CPU = Release|Any CPU
	EndGlobalSection
	GlobalSection(ProjectConfigurationPlatforms) = postSolution
		{14166DC9-8712-4758-A4B9-831F7E780902}.Debug|Any CPU.ActiveCfg = Debug|Any CPU
		{14166DC9-8712-4758-A4B9-831F7E780902}.Debug|Any CPU.Build.0 = Debug|Any CPU
		{14166DC9-8712-4758-A4B9-831F7E780902}.Release|Any CPU.ActiveCfg = Release|Any CPU
		{14166DC9-8712-4758-A4B9-831F7E780902}.Release|Any CPU.Build.0 = Release|Any CPU
		{55FE5B70-2A64-45A8-BFA8-8334468B902E}.Debug|Any CPU.ActiveCfg = Debug|Any CPU
		{55FE5B70-2A64-45A8-BFA8-8334468B902E}.Debug|Any CPU.Build.0 = Debug|Any CPU
		{55FE5B70-2A64-45A8-BFA8-8334468B902E}.Release|Any CPU.ActiveCfg = Release|Any CPU
		{55FE5B70-2A64-45A8-BFA8-8334468B902E}.Release|Any CPU.Build.0 = Release|Any CPU
		{1883858B-E508-4DD8-ACB5-7A917524D31F}.Debug|Any CPU.ActiveCfg = Debug|Any CPU
		{1883858B-E508-4DD8-ACB5-7A917524D31F}.Debug|Any CPU.Build.0 = Debug|Any CPU
		{1883858B-E508-4DD8-ACB5-7A917524D31F}.Release|Any CPU.ActiveCfg = Release|Any CPU
		{1883858B-E508-4DD8-ACB5-7A917524D31F}.Release|Any CPU.Build.0 = Release|Any CPU
		{A5C15C5F-DB65-4FB7-A875-A7BDFAEDC462}.Debug|Any CPU.ActiveCfg = Debug|Any CPU
		{A5C15C5F-DB65-4FB7-A875-A7BDFAEDC462}.Debug|Any CPU.Build.0 = Debug|Any CPU
		{A5C15C5F-DB65-4FB7-A875-A7BDFAEDC462}.Release|Any CPU.ActiveCfg = Release|Any CPU
		{A5C15C5F-DB65-4FB7-A875-A7BDFAEDC462}.Release|Any CPU.Build.0 = Release|Any CPU
		{78A8E8D5-C6BD-4160-82CF-6FA3AE0805B8}.Debug|Any CPU.ActiveCfg = Debug|Any CPU
		{78A8E8D5-C6BD-4160-82CF-6FA3AE0805B8}.Debug|Any CPU.Build.0 = Debug|Any CPU
		{78A8E8D5-C6BD-4160-82CF-6FA3AE0805B8}.Release|Any CPU.ActiveCfg = Release|Any CPU
		{78A8E8D5-C6BD-4160-82CF-6FA3AE0805B8}.Release|Any CPU.Build.0 = Release|Any CPU
	EndGlobalSection
	GlobalSection(SolutionProperties) = preSolution
		HideSolutionNode = FALSE
	EndGlobalSection
	GlobalSection(ExtensibilityGlobals) = postSolution
		SolutionGuid = {2E64C6CD-18B3-4DD1-A2D9-11AE555B779C}
	EndGlobalSection
EndGlobal
